
Microsoft Visual Studio Solution File, Format Version 12.00
# Visual Studio Version 17
VisualStudioVersion = 17.14.36408.4 d17.14
MinimumVisualStudioVersion = 10.0.40219.1
Project("{FAE04EC0-301F-11D3-BF4B-00C04F79EFBC}") = "ProjectThu3", "ProjectThu3\ProjectThu3.csproj", "{750BC385-8D95-47D6-B2AD-818E29DEF30E}"
EndProject
Global
	GlobalSection(SolutionConfigurationPlatforms) = preSolution
		Debug|Any CPU = Debug|Any CPU
		Release|Any CPU = Release|Any CPU
	EndGlobalSection
	GlobalSection(ProjectConfigurationPlatforms) = postSolution
		{750BC385-8D95-47D6-B2AD-818E29DEF30E}.Debug|Any CPU.ActiveCfg = Debug|Any CPU
		{750BC385-8D95-47D6-B2AD-818E29DEF30E}.Debug|Any CPU.Build.0 = Debug|Any CPU
		{750BC385-8D95-47D6-B2AD-818E29DEF30E}.Release|Any CPU.ActiveCfg = Release|Any CPU
		{750BC385-8D95-47D6-B2AD-818E29DEF30E}.Release|Any CPU.Build.0 = Release|Any CPU
	EndGlobalSection
	GlobalSection(SolutionProperties) = preSolution
		HideSolutionNode = FALSE
	EndGlobalSection
	GlobalSection(ExtensibilityGlobals) = postSolution
		SolutionGuid = {246F2F19-7DF9-496D-9576-A785E07611C8}
	EndGlobalSection
EndGlobal
